<Solution>
  <Folder Name="/src/">
    <Project Path="src/WildRenderingSharp/WildRenderingSharp.csproj" />
    <Project Path="src/WildRenderingSharp.AampReader/WildRenderingSharp.AampReader.csproj" />
    <Project Path="src/WildRenderingSharp.Preparation/WildRenderingSharp.Preparation.csproj" />
  </Folder>
</Solution>
