<Solution>
  <Folder Name="/src/">
    <Project Path="src/WildRenderingSharp/WildRenderingSharp.csproj" />
    <Project Path="src/WildRenderingSharp.Preparation/WildRenderingSharp.Preparation.csproj" />
  </Folder>
  <Folder Name="/tests/">
    <Project Path="tests/WildRenderingSharp.Tests/WildRenderingSharp.Tests.csproj" />
    <Project Path="tests/WildRenderingSharp.TestBench/WildRenderingSharp.TestBench.csproj" />
  </Folder>
</Solution>
